
Microsoft Visual Studio Solution File, Format Version 12.00
# Visual Studio Version 17
VisualStudioVersion = 17.13.35931.197 d17.13
MinimumVisualStudioVersion = 10.0.40219.1
Project("{FAE04EC0-301F-11D3-BF4B-00C04F79EFBC}") = "ToDoList.Server", "ToDoList.Server\ToDoList.Server.csproj", "{02C02294-0319-45FA-B0F5-84E71FA762F8}"
EndProject
Global
	GlobalSection(SolutionConfigurationPlatforms) = preSolution
		Debug|Any CPU = Debug|Any CPU
		Release|Any CPU = Release|Any CPU
	EndGlobalSection
	GlobalSection(ProjectConfigurationPlatforms) = postSolution
		{02C02294-0319-45FA-B0F5-84E71FA762F8}.Debug|Any CPU.ActiveCfg = Debug|Any CPU
		{02C02294-0319-45FA-B0F5-84E71FA762F8}.Debug|Any CPU.Build.0 = Debug|Any CPU
		{02C02294-0319-45FA-B0F5-84E71FA762F8}.Release|Any CPU.ActiveCfg = Release|Any CPU
		{02C02294-0319-45FA-B0F5-84E71FA762F8}.Release|Any CPU.Build.0 = Release|Any CPU
	EndGlobalSection
	GlobalSection(SolutionProperties) = preSolution
		HideSolutionNode = FALSE
	EndGlobalSection
	GlobalSection(ExtensibilityGlobals) = postSolution
		SolutionGuid = {3D132035-480E-499D-9E36-18F05B82F295}
	EndGlobalSection
EndGlobal
