
Microsoft Visual Studio Solution File, Format Version 12.00
# Visual Studio Version 17
VisualStudioVersion = 17.13.35931.197 d17.13
MinimumVisualStudioVersion = 10.0.40219.1
Project("{FAE04EC0-301F-11D3-BF4B-00C04F79EFBC}") = "ToDoList.Server", "ToDoList.Server\ToDoList.Server.csproj", "{18C29806-5BD8-4C00-A632-AEC2C9AA6B08}"
EndProject
Project("{FAE04EC0-301F-11D3-BF4B-00C04F79EFBC}") = "ToDoList.DataAccess", "ToDoList.DataAccess\ToDoList.DataAccess.csproj", "{7599F1F2-1658-4F95-952F-DBFFF4B82016}"
EndProject
Project("{FAE04EC0-301F-11D3-BF4B-00C04F79EFBC}") = "ToDoList.Service", "ToDoList.Service\ToDoList.Service.csproj", "{85B6B2B5-6CC2-47EB-8AC6-6E8E7414F96E}"
EndProject
Project("{FAE04EC0-301F-11D3-BF4B-00C04F79EFBC}") = "ToDoList.Repository", "ToDoList.Repository\ToDoList.Repository.csproj", "{0CC74D16-40F8-4D14-A47D-3CCFFAE99CF0}"
EndProject
Global
	GlobalSection(SolutionConfigurationPlatforms) = preSolution
		Debug|Any CPU = Debug|Any CPU
		Release|Any CPU = Release|Any CPU
	EndGlobalSection
	GlobalSection(ProjectConfigurationPlatforms) = postSolution
		{18C29806-5BD8-4C00-A632-AEC2C9AA6B08}.Debug|Any CPU.ActiveCfg = Debug|Any CPU
		{18C29806-5BD8-4C00-A632-AEC2C9AA6B08}.Debug|Any CPU.Build.0 = Debug|Any CPU
		{18C29806-5BD8-4C00-A632-AEC2C9AA6B08}.Release|Any CPU.ActiveCfg = Release|Any CPU
		{18C29806-5BD8-4C00-A632-AEC2C9AA6B08}.Release|Any CPU.Build.0 = Release|Any CPU
		{7599F1F2-1658-4F95-952F-DBFFF4B82016}.Debug|Any CPU.ActiveCfg = Debug|Any CPU
		{7599F1F2-1658-4F95-952F-DBFFF4B82016}.Debug|Any CPU.Build.0 = Debug|Any CPU
		{7599F1F2-1658-4F95-952F-DBFFF4B82016}.Release|Any CPU.ActiveCfg = Release|Any CPU
		{7599F1F2-1658-4F95-952F-DBFFF4B82016}.Release|Any CPU.Build.0 = Release|Any CPU
		{85B6B2B5-6CC2-47EB-8AC6-6E8E7414F96E}.Debug|Any CPU.ActiveCfg = Debug|Any CPU
		{85B6B2B5-6CC2-47EB-8AC6-6E8E7414F96E}.Debug|Any CPU.Build.0 = Debug|Any CPU
		{85B6B2B5-6CC2-47EB-8AC6-6E8E7414F96E}.Release|Any CPU.ActiveCfg = Release|Any CPU
		{85B6B2B5-6CC2-47EB-8AC6-6E8E7414F96E}.Release|Any CPU.Build.0 = Release|Any CPU
		{0CC74D16-40F8-4D14-A47D-3CCFFAE99CF0}.Debug|Any CPU.ActiveCfg = Debug|Any CPU
		{0CC74D16-40F8-4D14-A47D-3CCFFAE99CF0}.Debug|Any CPU.Build.0 = Debug|Any CPU
		{0CC74D16-40F8-4D14-A47D-3CCFFAE99CF0}.Release|Any CPU.ActiveCfg = Release|Any CPU
		{0CC74D16-40F8-4D14-A47D-3CCFFAE99CF0}.Release|Any CPU.Build.0 = Release|Any CPU
	EndGlobalSection
	GlobalSection(SolutionProperties) = preSolution
		HideSolutionNode = FALSE
	EndGlobalSection
	GlobalSection(ExtensibilityGlobals) = postSolution
		SolutionGuid = {52F12702-C2FE-4E4C-A3E3-98407E5562AF}
	EndGlobalSection
EndGlobal
